
Microsoft Visual Studio Solution File, Format Version 12.00
# Visual Studio Version 16
VisualStudioVersion = 16.0.30002.166
MinimumVisualStudioVersion = 10.0.40219.1
Project("{9A19103F-16F7-4668-BE54-9A1E7A4F7556}") = "Xyaneon.Bioinformatics.FASTA", "Xyaneon.Bioinformatics.FASTA\Xyaneon.Bioinformatics.FASTA.csproj", "{AEEE131D-617B-43FB-AA00-BDAB5D263F63}"
EndProject
Project("{FAE04EC0-301F-11D3-BF4B-00C04F79EFBC}") = "Xyaneon.Bioinformatics.FASTA.Test", "Xyaneon.Bioinformatics.FASTA.Test\Xyaneon.Bioinformatics.FASTA.Test.csproj", "{26957777-99A1-42E1-998A-A712453509F8}"
EndProject
Global
	GlobalSection(SolutionConfigurationPlatforms) = preSolution
		Debug|Any CPU = Debug|Any CPU
		Release|Any CPU = Release|Any CPU
	EndGlobalSection
	GlobalSection(ProjectConfigurationPlatforms) = postSolution
		{AEEE131D-617B-43FB-AA00-BDAB5D263F63}.Debug|Any CPU.ActiveCfg = Debug|Any CPU
		{AEEE131D-617B-43FB-AA00-BDAB5D263F63}.Debug|Any CPU.Build.0 = Debug|Any CPU
		{AEEE131D-617B-43FB-AA00-BDAB5D263F63}.Release|Any CPU.ActiveCfg = Release|Any CPU
		{AEEE131D-617B-43FB-AA00-BDAB5D263F63}.Release|Any CPU.Build.0 = Release|Any CPU
		{26957777-99A1-42E1-998A-A712453509F8}.Debug|Any CPU.ActiveCfg = Debug|Any CPU
		{26957777-99A1-42E1-998A-A712453509F8}.Debug|Any CPU.Build.0 = Debug|Any CPU
		{26957777-99A1-42E1-998A-A712453509F8}.Release|Any CPU.ActiveCfg = Release|Any CPU
		{26957777-99A1-42E1-998A-A712453509F8}.Release|Any CPU.Build.0 = Release|Any CPU
	EndGlobalSection
	GlobalSection(SolutionProperties) = preSolution
		HideSolutionNode = FALSE
	EndGlobalSection
	GlobalSection(ExtensibilityGlobals) = postSolution
		SolutionGuid = {06D0B755-1CC4-4400-B311-151B8B297313}
	EndGlobalSection
EndGlobal
